
Microsoft Visual Studio Solution File, Format Version 12.00
# Visual Studio Version 16
VisualStudioVersion = 16.0.30621.155
MinimumVisualStudioVersion = 10.0.40219.1
Project("{FAE04EC0-301F-11D3-BF4B-00C04F79EFBC}") = "QuestAspMvc", "QuestAspMvc.csproj", "{72905D09-B1D4-41DC-B128-A1EAD58FF87F}"
EndProject
Global
	GlobalSection(SolutionConfigurationPlatforms) = preSolution
		Debug|Any CPU = Debug|Any CPU
		Release|Any CPU = Release|Any CPU
	EndGlobalSection
	GlobalSection(ProjectConfigurationPlatforms) = postSolution
		{72905D09-B1D4-41DC-B128-A1EAD58FF87F}.Debug|Any CPU.ActiveCfg = Debug|Any CPU
		{72905D09-B1D4-41DC-B128-A1EAD58FF87F}.Debug|Any CPU.Build.0 = Debug|Any CPU
		{72905D09-B1D4-41DC-B128-A1EAD58FF87F}.Release|Any CPU.ActiveCfg = Release|Any CPU
		{72905D09-B1D4-41DC-B128-A1EAD58FF87F}.Release|Any CPU.Build.0 = Release|Any CPU
	EndGlobalSection
	GlobalSection(SolutionProperties) = preSolution
		HideSolutionNode = FALSE
	EndGlobalSection
	GlobalSection(ExtensibilityGlobals) = postSolution
		SolutionGuid = {1DA8E5DA-078D-47DC-B3A5-548BCB0B2098}
	EndGlobalSection
EndGlobal
